
Microsoft Visual Studio Solution File, Format Version 12.00
# Visual Studio 2012
Project("{FAE04EC0-301F-11D3-BF4B-00C04F79EFBC}") = "EarthTools.Net", "EarthTools.Net\EarthTools.Net.csproj", "{01785877-7C35-481F-88B0-A9370B674B1C}"
EndProject
Project("{FAE04EC0-301F-11D3-BF4B-00C04F79EFBC}") = "EarthTools.Net.Tests", "EarthTools.Net.Tests\EarthTools.Net.Tests.csproj", "{505605A9-83EB-4CB4-9FB0-1AF0FC9373D1}"
EndProject
Global
	GlobalSection(SolutionConfigurationPlatforms) = preSolution
		Debug|Any CPU = Debug|Any CPU
		Release|Any CPU = Release|Any CPU
	EndGlobalSection
	GlobalSection(ProjectConfigurationPlatforms) = postSolution
		{01785877-7C35-481F-88B0-A9370B674B1C}.Debug|Any CPU.ActiveCfg = Debug|Any CPU
		{01785877-7C35-481F-88B0-A9370B674B1C}.Debug|Any CPU.Build.0 = Debug|Any CPU
		{01785877-7C35-481F-88B0-A9370B674B1C}.Release|Any CPU.ActiveCfg = Release|Any CPU
		{01785877-7C35-481F-88B0-A9370B674B1C}.Release|Any CPU.Build.0 = Release|Any CPU
		{505605A9-83EB-4CB4-9FB0-1AF0FC9373D1}.Debug|Any CPU.ActiveCfg = Debug|Any CPU
		{505605A9-83EB-4CB4-9FB0-1AF0FC9373D1}.Debug|Any CPU.Build.0 = Debug|Any CPU
		{505605A9-83EB-4CB4-9FB0-1AF0FC9373D1}.Release|Any CPU.ActiveCfg = Release|Any CPU
		{505605A9-83EB-4CB4-9FB0-1AF0FC9373D1}.Release|Any CPU.Build.0 = Release|Any CPU
	EndGlobalSection
	GlobalSection(SolutionProperties) = preSolution
		HideSolutionNode = FALSE
	EndGlobalSection
EndGlobal
